
Microsoft Visual Studio Solution File, Format Version 12.00
# Visual Studio Version 16
VisualStudioVersion = 25.0.1706.8
MinimumVisualStudioVersion = 10.0.40219.1
Project("{FAE04EC0-301F-11D3-BF4B-00C04F79EFBC}") = "com.ss.genericrepository", "com.ss.genericrepository\com.ss.genericrepository.csproj", "{C60A43C2-D619-49D7-921E-63CBB9561627}"
EndProject
Global
	GlobalSection(SolutionConfigurationPlatforms) = preSolution
		Debug|Any CPU = Debug|Any CPU
		Release|Any CPU = Release|Any CPU
	EndGlobalSection
	GlobalSection(ProjectConfigurationPlatforms) = postSolution
		{C60A43C2-D619-49D7-921E-63CBB9561627}.Debug|Any CPU.ActiveCfg = Debug|Any CPU
		{C60A43C2-D619-49D7-921E-63CBB9561627}.Debug|Any CPU.Build.0 = Debug|Any CPU
		{C60A43C2-D619-49D7-921E-63CBB9561627}.Release|Any CPU.ActiveCfg = Release|Any CPU
		{C60A43C2-D619-49D7-921E-63CBB9561627}.Release|Any CPU.Build.0 = Release|Any CPU
	EndGlobalSection
	GlobalSection(SolutionProperties) = preSolution
		HideSolutionNode = FALSE
	EndGlobalSection
	GlobalSection(ExtensibilityGlobals) = postSolution
		SolutionGuid = {637CFD93-FB21-4DA5-95C9-0304E8DB0E3C}
	EndGlobalSection
EndGlobal
